
Microsoft Visual Studio Solution File, Format Version 12.00
# Visual Studio Version 16
VisualStudioVersion = 16.0.29411.108
MinimumVisualStudioVersion = 10.0.40219.1
Project("{8BC9CEB8-8B4A-11D0-8D11-00A0C91BC942}") = "Flare Client", "Flare Client.vcxproj", "{E030AE88-ED9E-4A75-B13F-D6FD4BBB5940}"
EndProject
Project("{FAE04EC0-301F-11D3-BF4B-00C04F79EFBC}") = "Flare Sharp", "..\Flare Sharp\Flare Sharp.csproj", "{CACF815B-6EE3-4B2A-BA69-014F06BBEA89}"
EndProject
Global
	GlobalSection(SolutionConfigurationPlatforms) = preSolution
		Debug|Any CPU = Debug|Any CPU
		Debug|x64 = Debug|x64
		Debug|x86 = Debug|x86
		Release|Any CPU = Release|Any CPU
		Release|x64 = Release|x64
		Release|x86 = Release|x86
	EndGlobalSection
	GlobalSection(ProjectConfigurationPlatforms) = postSolution
		{E030AE88-ED9E-4A75-B13F-D6FD4BBB5940}.Debug|Any CPU.ActiveCfg = Debug|Win32
		{E030AE88-ED9E-4A75-B13F-D6FD4BBB5940}.Debug|x64.ActiveCfg = Debug|x64
		{E030AE88-ED9E-4A75-B13F-D6FD4BBB5940}.Debug|x64.Build.0 = Debug|x64
		{E030AE88-ED9E-4A75-B13F-D6FD4BBB5940}.Debug|x86.ActiveCfg = Debug|Win32
		{E030AE88-ED9E-4A75-B13F-D6FD4BBB5940}.Debug|x86.Build.0 = Debug|Win32
		{E030AE88-ED9E-4A75-B13F-D6FD4BBB5940}.Release|Any CPU.ActiveCfg = Release|Win32
		{E030AE88-ED9E-4A75-B13F-D6FD4BBB5940}.Release|x64.ActiveCfg = Release|x64
		{E030AE88-ED9E-4A75-B13F-D6FD4BBB5940}.Release|x64.Build.0 = Release|x64
		{E030AE88-ED9E-4A75-B13F-D6FD4BBB5940}.Release|x86.ActiveCfg = Release|Win32
		{E030AE88-ED9E-4A75-B13F-D6FD4BBB5940}.Release|x86.Build.0 = Release|Win32
		{CACF815B-6EE3-4B2A-BA69-014F06BBEA89}.Debug|Any CPU.ActiveCfg = Debug|Any CPU
		{CACF815B-6EE3-4B2A-BA69-014F06BBEA89}.Debug|Any CPU.Build.0 = Debug|Any CPU
		{CACF815B-6EE3-4B2A-BA69-014F06BBEA89}.Debug|x64.ActiveCfg = Debug|Any CPU
		{CACF815B-6EE3-4B2A-BA69-014F06BBEA89}.Debug|x64.Build.0 = Debug|Any CPU
		{CACF815B-6EE3-4B2A-BA69-014F06BBEA89}.Debug|x86.ActiveCfg = Debug|Any CPU
		{CACF815B-6EE3-4B2A-BA69-014F06BBEA89}.Debug|x86.Build.0 = Debug|Any CPU
		{CACF815B-6EE3-4B2A-BA69-014F06BBEA89}.Release|Any CPU.ActiveCfg = Release|Any CPU
		{CACF815B-6EE3-4B2A-BA69-014F06BBEA89}.Release|Any CPU.Build.0 = Release|Any CPU
		{CACF815B-6EE3-4B2A-BA69-014F06BBEA89}.Release|x64.ActiveCfg = Release|Any CPU
		{CACF815B-6EE3-4B2A-BA69-014F06BBEA89}.Release|x64.Build.0 = Release|Any CPU
		{CACF815B-6EE3-4B2A-BA69-014F06BBEA89}.Release|x86.ActiveCfg = Release|Any CPU
		{CACF815B-6EE3-4B2A-BA69-014F06BBEA89}.Release|x86.Build.0 = Release|Any CPU
	EndGlobalSection
	GlobalSection(SolutionProperties) = preSolution
		HideSolutionNode = FALSE
	EndGlobalSection
	GlobalSection(ExtensibilityGlobals) = postSolution
		SolutionGuid = {54D99875-13BC-4EC0-98C6-C9FA81F42E70}
	EndGlobalSection
EndGlobal
