
Microsoft Visual Studio Solution File, Format Version 12.00
# Visual Studio Version 16
VisualStudioVersion = 16.0.29709.97
MinimumVisualStudioVersion = 10.0.40219.1
Project("{FAE04EC0-301F-11D3-BF4B-00C04F79EFBC}") = "Flare Sharp", "Flare Sharp.csproj", "{CACF815B-6EE3-4B2A-BA69-014F06BBEA89}"
EndProject
Global
	GlobalSection(SolutionConfigurationPlatforms) = preSolution
		Debug|Any CPU = Debug|Any CPU
		Debug|x64 = Debug|x64
		Debug|x86 = Debug|x86
		Release|Any CPU = Release|Any CPU
		Release|x64 = Release|x64
		Release|x86 = Release|x86
	EndGlobalSection
	GlobalSection(ProjectConfigurationPlatforms) = postSolution
		{CACF815B-6EE3-4B2A-BA69-014F06BBEA89}.Debug|Any CPU.ActiveCfg = Release|x64
		{CACF815B-6EE3-4B2A-BA69-014F06BBEA89}.Debug|Any CPU.Build.0 = Release|x64
		{CACF815B-6EE3-4B2A-BA69-014F06BBEA89}.Debug|x64.ActiveCfg = Debug|x64
		{CACF815B-6EE3-4B2A-BA69-014F06BBEA89}.Debug|x64.Build.0 = Debug|x64
		{CACF815B-6EE3-4B2A-BA69-014F06BBEA89}.Debug|x86.ActiveCfg = Debug|Any CPU
		{CACF815B-6EE3-4B2A-BA69-014F06BBEA89}.Debug|x86.Build.0 = Debug|Any CPU
		{CACF815B-6EE3-4B2A-BA69-014F06BBEA89}.Release|Any CPU.ActiveCfg = Release|Any CPU
		{CACF815B-6EE3-4B2A-BA69-014F06BBEA89}.Release|Any CPU.Build.0 = Release|Any CPU
		{CACF815B-6EE3-4B2A-BA69-014F06BBEA89}.Release|x64.ActiveCfg = Release|x64
		{CACF815B-6EE3-4B2A-BA69-014F06BBEA89}.Release|x64.Build.0 = Release|x64
		{CACF815B-6EE3-4B2A-BA69-014F06BBEA89}.Release|x86.ActiveCfg = Release|Any CPU
		{CACF815B-6EE3-4B2A-BA69-014F06BBEA89}.Release|x86.Build.0 = Release|Any CPU
	EndGlobalSection
	GlobalSection(SolutionProperties) = preSolution
		HideSolutionNode = FALSE
	EndGlobalSection
	GlobalSection(ExtensibilityGlobals) = postSolution
		SolutionGuid = {6B2384D5-6E03-4189-9DDF-8557650B6AA7}
	EndGlobalSection
EndGlobal
